
Microsoft Visual Studio Solution File, Format Version 12.00
# Visual Studio Version 16
VisualStudioVersion = 16.0.30711.63
MinimumVisualStudioVersion = 10.0.40219.1
Project("{FAE04EC0-301F-11D3-BF4B-00C04F79EFBC}") = "XiangQi", "XiangQi.csproj", "{03DAA4C7-0868-4164-9C2D-C9F8412C4DD9}"
EndProject
Global
	GlobalSection(SolutionConfigurationPlatforms) = preSolution
		Debug|Any CPU = Debug|Any CPU
		Release|Any CPU = Release|Any CPU
	EndGlobalSection
	GlobalSection(ProjectConfigurationPlatforms) = postSolution
		{03DAA4C7-0868-4164-9C2D-C9F8412C4DD9}.Debug|Any CPU.ActiveCfg = Debug|Any CPU
		{03DAA4C7-0868-4164-9C2D-C9F8412C4DD9}.Debug|Any CPU.Build.0 = Debug|Any CPU
		{03DAA4C7-0868-4164-9C2D-C9F8412C4DD9}.Release|Any CPU.ActiveCfg = Release|Any CPU
		{03DAA4C7-0868-4164-9C2D-C9F8412C4DD9}.Release|Any CPU.Build.0 = Release|Any CPU
	EndGlobalSection
	GlobalSection(SolutionProperties) = preSolution
		HideSolutionNode = FALSE
	EndGlobalSection
	GlobalSection(ExtensibilityGlobals) = postSolution
		SolutionGuid = {6CA5363B-D3A1-4019-82DE-A00332B4B218}
	EndGlobalSection
EndGlobal
